NeoBundleLock bufferlist.vim f90bd77efd91cc76a176be1c4686df8143090769
NeoBundleLock jellybeans.vim 713e530afe6d27de2afa63deb8e172cd97c0d48f
NeoBundleLock lightline.vim f06368d396b507b45b8304825a07aed560c40276
NeoBundleLock neobundle.vim 88951d60547595606ea0ca8f28f643d2506f2714
NeoBundleLock nerdtree 334fb0e68797cf56d17db42bf56f39030f226cf8
NeoBundleLock seiya.vim d2406e8b52b8df7ac0e40ef8f5f01cf105e15c0c
NeoBundleLock syntastic 9a8823af338e18f7d2398125f7ad27dc3497f364
NeoBundleLock tcomment_vim a30434a3d2c7c74e2708a3bc800c5c14c1e6625e
NeoBundleLock vim-autoclose a9a3b7384657bc1f60a963fd6c08c63fc48d61c3
NeoBundleLock vim-bracketed-paste d26cf23bbfec3531fb243aa58bafc5a701460f86
NeoBundleLock vim-fugitive aac85a268e89a6c8be79341e130ac90256fadbd6
NeoBundleLock vim-indent-guides 018298ead9d3aa9cd3b4ae222f81022a33978b09
NeoBundleLock vim-submode d44a302b3ca97c8014c35c93893ca8fec0b95e4e
NeoBundleLock vim-trailing-whitespace 733fb64337b6da4a51c85a43450cd620d8b617b5
